
Microsoft Visual Studio Solution File, Format Version 11.00
# Visual Studio 2010
Project("{FAE04EC0-301F-11D3-BF4B-00C04F79EFBC}") = "ConsoleApplication1", "ConsoleApplication1\ConsoleApplication1.csproj", "{FA3213C5-E0C1-4C3A-8359-0D18FBF0F847}"
EndProject
Global
	GlobalSection(SolutionConfigurationPlatforms) = preSolution
		Debug|x86 = Debug|x86
		Release|x86 = Release|x86
	EndGlobalSection
	GlobalSection(ProjectConfigurationPlatforms) = postSolution
		{FA3213C5-E0C1-4C3A-8359-0D18FBF0F847}.Debug|x86.ActiveCfg = Debug|x86
		{FA3213C5-E0C1-4C3A-8359-0D18FBF0F847}.Debug|x86.Build.0 = Debug|x86
		{FA3213C5-E0C1-4C3A-8359-0D18FBF0F847}.Release|x86.ActiveCfg = Release|x86
		{FA3213C5-E0C1-4C3A-8359-0D18FBF0F847}.Release|x86.Build.0 = Release|x86
	EndGlobalSection
	GlobalSection(SolutionProperties) = preSolution
		HideSolutionNode = FALSE
	EndGlobalSection
EndGlobal
